
Microsoft Visual Studio Solution File, Format Version 12.00
# Visual Studio Version 17
VisualStudioVersion = 17.4.32804.182
MinimumVisualStudioVersion = 10.0.40219.1
Project("{9A19103F-16F7-4668-BE54-9A1E7A4F7556}") = "ISCardsLight", "ISCardsLight\ISCardsLight.csproj", "{B33746B3-BD18-4AC1-9734-F7D2C911523B}"
EndProject
Global
	GlobalSection(SolutionConfigurationPlatforms) = preSolution
		Debug|Any CPU = Debug|Any CPU
		Release|Any CPU = Release|Any CPU
	EndGlobalSection
	GlobalSection(ProjectConfigurationPlatforms) = postSolution
		{B33746B3-BD18-4AC1-9734-F7D2C911523B}.Debug|Any CPU.ActiveCfg = Debug|Any CPU
		{B33746B3-BD18-4AC1-9734-F7D2C911523B}.Debug|Any CPU.Build.0 = Debug|Any CPU
		{B33746B3-BD18-4AC1-9734-F7D2C911523B}.Release|Any CPU.ActiveCfg = Release|Any CPU
		{B33746B3-BD18-4AC1-9734-F7D2C911523B}.Release|Any CPU.Build.0 = Release|Any CPU
	EndGlobalSection
	GlobalSection(SolutionProperties) = preSolution
		HideSolutionNode = FALSE
	EndGlobalSection
	GlobalSection(ExtensibilityGlobals) = postSolution
		SolutionGuid = {8DA52794-29D1-4F88-9241-5D4D95AD252D}
	EndGlobalSection
EndGlobal
